{
  "requires": true,
  "lockfileVersion": 1,
  "dependencies": {
    "escape-html": {
      "version": "1.0.3",
      "resolved": "https://registry.npmjs.org/escape-html/-/escape-html-1.0.3.tgz",
      "integrity": "sha1-Aljq5NPQwJdN4cFpGI7wBR0dGYg="
    },
    "interweave": {
      "version": "12.9.0",
      "resolved": "https://registry.npmjs.org/interweave/-/interweave-12.9.0.tgz",
      "integrity": "sha512-VGz82ndwMdi15jtQreE8je4OGCw6GJuCmhdxh1Tu3AzT2f7OXliHCc66e2sv/Yu6vRZdSbIXBRP0jshGbXuidg==",
      "requires": {
        "escape-html": "^1.0.3"
      }
    }
  }
}
